
Microsoft Visual Studio Solution File, Format Version 12.00
# Visual Studio Version 16
VisualStudioVersion = 16.0.28922.388
MinimumVisualStudioVersion = 10.0.40219.1
Project("{2150E333-8FDC-42A3-9474-1A3956D46DE8}") = "Introduction", "Introduction", "{10604493-346E-44C6-9DF4-13BF89669320}"
EndProject
Project("{FAE04EC0-301F-11D3-BF4B-00C04F79EFBC}") = "CustomControlsIntro", "CustomControlsIntro\CustomControlsIntro.csproj", "{4662AE98-5317-4E23-B8A7-BF124638A21C}"
EndProject
Project("{2150E333-8FDC-42A3-9474-1A3956D46DE8}") = "CreatingCustomControls", "CreatingCustomControls", "{4A52AD48-EA30-4D68-A285-76BE1ECB04F5}"
EndProject
Project("{FAE04EC0-301F-11D3-BF4B-00C04F79EFBC}") = "CustomControlDemo", "CustomControlDemo\CustomControlDemo.csproj", "{E4484E88-BC18-4ED7-9C5A-3D0BA4531C9C}"
EndProject
Project("{FAE04EC0-301F-11D3-BF4B-00C04F79EFBC}") = "CustomControlLib", "CustomControlLib\CustomControlLib.csproj", "{A549BE2B-B333-49C2-92FD-E3AAD5D045D0}"
EndProject
Project("{2150E333-8FDC-42A3-9474-1A3956D46DE8}") = "ChoosingBaseClass", "ChoosingBaseClass", "{9FCE966B-0EEF-4B74-B8DE-507E357CA4E3}"
EndProject
Project("{2150E333-8FDC-42A3-9474-1A3956D46DE8}") = "ContentPresenter", "ContentPresenter", "{E6CEBA29-FA87-467D-B5AF-D811546025E5}"
EndProject
Project("{FAE04EC0-301F-11D3-BF4B-00C04F79EFBC}") = "ContentPresenterDemo", "ContentPresenterDemo\ContentPresenterDemo.csproj", "{744206A4-6DF2-4FAC-A0DB-891D57047762}"
EndProject
Project("{FAE04EC0-301F-11D3-BF4B-00C04F79EFBC}") = "ContentPresenterLib", "ContentPresenterLib\ContentPresenterLib.csproj", "{FBF1307B-F9F6-4B9E-B11F-FAE96010D481}"
EndProject
Project("{2150E333-8FDC-42A3-9474-1A3956D46DE8}") = "ItemsPresenter", "ItemsPresenter", "{5F6C20F9-4176-4460-A100-95AF204A4E2F}"
EndProject
Project("{FAE04EC0-301F-11D3-BF4B-00C04F79EFBC}") = "ItemsControlDemo", "ItemsControlDemo\ItemsControlDemo.csproj", "{64ED53B1-D563-490F-B877-ACD9072A7E1E}"
EndProject
Project("{FAE04EC0-301F-11D3-BF4B-00C04F79EFBC}") = "ItemsControlLib", "ItemsControlLib\ItemsControlLib.csproj", "{A3B5E510-A887-47AB-8098-53639FDAC3E2}"
EndProject
Project("{2150E333-8FDC-42A3-9474-1A3956D46DE8}") = "DataBinding", "DataBinding", "{27DE0B64-F695-4C72-998C-2BE5E61BD3B2}"
EndProject
Project("{FAE04EC0-301F-11D3-BF4B-00C04F79EFBC}") = "DataBindingDemo", "DataBindingDemo\DataBindingDemo.csproj", "{10C569C5-54B0-47BC-968D-0D73EA174205}"
EndProject
Project("{FAE04EC0-301F-11D3-BF4B-00C04F79EFBC}") = "DataBindingLib", "DataBindingLib\DataBindingLib.csproj", "{72BE2436-80D5-4BD5-BF5D-AB5FFC83B355}"
EndProject
Project("{2150E333-8FDC-42A3-9474-1A3956D46DE8}") = "AccessingElements", "AccessingElements", "{580FD9ED-EE52-48B8-B314-7D8846C49ADB}"
EndProject
Project("{FAE04EC0-301F-11D3-BF4B-00C04F79EFBC}") = "AccessingElementsDemo", "AccessingElementsDemo\AccessingElementsDemo.csproj", "{482E36D6-4DA1-4B91-8E0A-670096844C0E}"
EndProject
Project("{FAE04EC0-301F-11D3-BF4B-00C04F79EFBC}") = "AccessingElementsControlLib", "AccessingElementsControlLib\AccessingElementsControlLib.csproj", "{AC4E77E3-45B9-4783-9DD6-BA94A0315F03}"
EndProject
Project("{2150E333-8FDC-42A3-9474-1A3956D46DE8}") = "AddingProperties", "AddingProperties", "{51970696-8657-461E-BBBA-6AF0990AB1E7}"
EndProject
Project("{FAE04EC0-301F-11D3-BF4B-00C04F79EFBC}") = "DependecyPropertyDemo", "DependecyPropertyDemo\DependecyPropertyDemo.csproj", "{405B512E-4BE6-4232-9082-49CB159E7D8C}"
EndProject
Project("{FAE04EC0-301F-11D3-BF4B-00C04F79EFBC}") = "DependecyPropertyLib", "DependecyPropertyLib\DependecyPropertyLib.csproj", "{6C7B1E89-52B2-4F73-915C-386C521C433D}"
EndProject
Project("{2150E333-8FDC-42A3-9474-1A3956D46DE8}") = "DependencyProperty", "DependencyProperty", "{ADDFF390-6AB3-40F2-BC75-43D6F088CF0E}"
EndProject
Project("{2150E333-8FDC-42A3-9474-1A3956D46DE8}") = "ReadOnlyProperty", "ReadOnlyProperty", "{4F1C65F6-DEDC-4B6B-8158-3A77BC9B7EE6}"
EndProject
Project("{FAE04EC0-301F-11D3-BF4B-00C04F79EFBC}") = "ReadOnlyPropertyDemo", "ReadOnlyPropertyDemo\ReadOnlyPropertyDemo.csproj", "{E17F7B5E-8E63-478B-97AF-D176680C197B}"
EndProject
Project("{FAE04EC0-301F-11D3-BF4B-00C04F79EFBC}") = "ReadOnlyPropertyLib", "ReadOnlyPropertyLib\ReadOnlyPropertyLib.csproj", "{484631B3-E960-4FFA-B10F-35D6ABB8B974}"
EndProject
Project("{FAE04EC0-301F-11D3-BF4B-00C04F79EFBC}") = "CollectionTypePropertyDemo", "CollectionTypeProperty\CollectionTypePropertyDemo.csproj", "{58BE2763-53D3-403F-BDDF-D57A7A479E48}"
EndProject
Project("{2150E333-8FDC-42A3-9474-1A3956D46DE8}") = "CollectionTypeProperty", "CollectionTypeProperty", "{377F03B0-01F9-4964-AF26-BBA74ABDA1B5}"
EndProject
Project("{FAE04EC0-301F-11D3-BF4B-00C04F79EFBC}") = "CollectionTypePropertyLib", "CollectionTypePropertyLib\CollectionTypePropertyLib.csproj", "{92272733-9B8F-4633-8DA2-81EDD5C367E7}"
EndProject
Project("{2150E333-8FDC-42A3-9474-1A3956D46DE8}") = "AttachedProperty", "AttachedProperty", "{7EBE4724-7432-471A-BDE1-B48B0C554C96}"
EndProject
Project("{FAE04EC0-301F-11D3-BF4B-00C04F79EFBC}") = "AttachedPropertyDemo", "AttachedPropertyDemo\AttachedPropertyDemo.csproj", "{754B4567-10C6-4FAB-997E-FBAE54385C20}"
EndProject
Project("{FAE04EC0-301F-11D3-BF4B-00C04F79EFBC}") = "AttachedPropertyLibrary", "AttachedPropertyLibrary\AttachedPropertyLibrary.csproj", "{E095CC3E-5513-4E61-A330-AD5F34D867B3}"
EndProject
Project("{2150E333-8FDC-42A3-9474-1A3956D46DE8}") = "EventsAndCommands", "EventsAndCommands", "{28C42EFE-A227-4062-AF42-E5830293716D}"
EndProject
Project("{FAE04EC0-301F-11D3-BF4B-00C04F79EFBC}") = "FirstDemo", "FirstDemo\FirstDemo.csproj", "{5265AD05-09A7-4FBD-9E11-0DA8EC413346}"
EndProject
Project("{2150E333-8FDC-42A3-9474-1A3956D46DE8}") = "CustomRoutedEvents", "CustomRoutedEvents", "{851C1883-73CB-4BCA-9890-DA4B4156CA91}"
EndProject
Project("{2150E333-8FDC-42A3-9474-1A3956D46DE8}") = "CreateCustomRoutedEvents", "CreateCustomRoutedEvents", "{C6B65768-50D5-46D7-B0DB-112E442BB6FF}"
EndProject
Project("{FAE04EC0-301F-11D3-BF4B-00C04F79EFBC}") = "WPFDemo", "WPFDemo\WPFDemo.csproj", "{15994045-7ADD-43F2-86FA-61642365865E}"
EndProject
Project("{FAE04EC0-301F-11D3-BF4B-00C04F79EFBC}") = "WPFCustomContolLib", "WPFCustomContolLib\WPFCustomContolLib.csproj", "{DCFE22DD-07B3-40A0-BD7E-17620B1F96DB}"
EndProject
Project("{2150E333-8FDC-42A3-9474-1A3956D46DE8}") = "RoutedCommands", "RoutedCommands", "{1219D0C8-F166-4125-B819-AB867DE50DF7}"
EndProject
Project("{FAE04EC0-301F-11D3-BF4B-00C04F79EFBC}") = "RoutedCommandDemo", "RoutedCommandDemo\RoutedCommandDemo.csproj", "{A94CC567-D6F5-4ECD-923C-3CD7B78FFFAD}"
EndProject
Project("{2150E333-8FDC-42A3-9474-1A3956D46DE8}") = "CreateCustomRoutedCommands", "CreateCustomRoutedCommands", "{6E68E7A3-D16E-46B9-8622-BD98D297E2DF}"
EndProject
Project("{FAE04EC0-301F-11D3-BF4B-00C04F79EFBC}") = "CRCWpfApp", "CRCWpfApp\CRCWpfApp.csproj", "{79E7871E-EA4C-4F63-9D19-2330C40A9FEE}"
EndProject
Project("{FAE04EC0-301F-11D3-BF4B-00C04F79EFBC}") = "CRCWpfCustomControlLibrary", "CRCWpfCustomControlLibrary\CRCWpfCustomControlLibrary.csproj", "{51CABCA0-166C-4F41-AC92-E761F2299F1A}"
EndProject
Project("{2150E333-8FDC-42A3-9474-1A3956D46DE8}") = "ICommandSource", "ICommandSource", "{6BE2DFEB-A048-4585-A3A4-3B1B79500C02}"
EndProject
Project("{FAE04EC0-301F-11D3-BF4B-00C04F79EFBC}") = "ICommandSourceDemo", "ICommandSourceDemo\ICommandSourceDemo.csproj", "{77F6AC7E-2B65-43EB-AFE8-6823912638B3}"
EndProject
Project("{FAE04EC0-301F-11D3-BF4B-00C04F79EFBC}") = "ICommandSourceControlLib", "ICommandSourceControlLib\ICommandSourceControlLib.csproj", "{9D09A675-D9DE-4853-A8B5-2E8091313AD4}"
EndProject
Project("{2150E333-8FDC-42A3-9474-1A3956D46DE8}") = "VisualBehavior", "VisualBehavior", "{86949A21-BB97-40F7-AC43-EAD8E38DFF7E}"
EndProject
Project("{FAE04EC0-301F-11D3-BF4B-00C04F79EFBC}") = "CreatingTriggersApp", "CreatingTriggersApp\CreatingTriggersApp.csproj", "{C0D84A4A-1A6D-4771-BB59-FC7FF663E729}"
EndProject
Project("{FAE04EC0-301F-11D3-BF4B-00C04F79EFBC}") = "CreatingTriggersControlLib", "CreatingTriggersControlLib\CreatingTriggersControlLib.csproj", "{399F02A7-F594-464A-AADB-62A618345D11}"
EndProject
Project("{2150E333-8FDC-42A3-9474-1A3956D46DE8}") = "Triggers", "Triggers", "{947CAD31-C41D-4B7B-8487-304860F270A5}"
EndProject
Project("{2150E333-8FDC-42A3-9474-1A3956D46DE8}") = "VisualStateManager", "VisualStateManager", "{0A21E93E-84F1-4B83-B43B-E4EAAB4CD3E7}"
EndProject
Project("{FAE04EC0-301F-11D3-BF4B-00C04F79EFBC}") = "VSMCustomControlLib", "VSMCustomControlLib\VSMCustomControlLib.csproj", "{B95D3D05-6F2A-40CF-88EC-49FD6F3B0F91}"
EndProject
Project("{FAE04EC0-301F-11D3-BF4B-00C04F79EFBC}") = "VSMApp", "VSMApp\VSMApp.csproj", "{E5D4C59E-D1DB-41CB-8114-D04EC52148BB}"
EndProject
Project("{2150E333-8FDC-42A3-9474-1A3956D46DE8}") = "Theming", "Theming", "{ED5A7DF9-381B-46F2-B614-0A26796493B4}"
EndProject
Project("{FAE04EC0-301F-11D3-BF4B-00C04F79EFBC}") = "TSWpfApp", "TSWpfApp\TSWpfApp.csproj", "{9EAB7BCA-FF24-42A3-B1E1-8B455DF5CC31}"
EndProject
Project("{FAE04EC0-301F-11D3-BF4B-00C04F79EFBC}") = "TSCustomControlLib", "TSCustomControlLib\TSCustomControlLib.csproj", "{614FEAA6-5D8D-4CBA-8BF4-D39A588A45E3}"
EndProject
Project("{2150E333-8FDC-42A3-9474-1A3956D46DE8}") = "CreatingThemes", "CreatingThemes", "{2E5C4920-B280-4EE0-8FC3-848AA213AB54}"
EndProject
Project("{2150E333-8FDC-42A3-9474-1A3956D46DE8}") = "Attributes", "Attributes", "{08172D9F-A5A6-4598-82AD-709490C71B2C}"
EndProject
Project("{FAE04EC0-301F-11D3-BF4B-00C04F79EFBC}") = "AttributesWpfApp", "AttributesWpfApp\AttributesWpfApp.csproj", "{8184A4E4-EC48-4318-8528-23A56F4FD4A2}"
EndProject
Project("{FAE04EC0-301F-11D3-BF4B-00C04F79EFBC}") = "AttributesCustomControlLib", "AttributesCustomControlLib\AttributesCustomControlLib.csproj", "{52460127-7D12-4476-B7A8-2529A466FCD6}"
EndProject
Project("{2150E333-8FDC-42A3-9474-1A3956D46DE8}") = "Tips", "Tips", "{7421ACF2-62F9-4234-997C-67FA874AD5AC}"
EndProject
Project("{FAE04EC0-301F-11D3-BF4B-00C04F79EFBC}") = "TipsWpfApp", "TipsWpfApp\TipsWpfApp.csproj", "{B2693BA4-DD3D-4F8F-9725-5524A26B9F9B}"
EndProject
Project("{FAE04EC0-301F-11D3-BF4B-00C04F79EFBC}") = "TipsCustomControlLib", "TipsCustomControlLib\TipsCustomControlLib.csproj", "{4E84AEA4-D90B-448E-967E-32F25F658E9E}"
EndProject
Global
	GlobalSection(SolutionConfigurationPlatforms) = preSolution
		Debug|Any CPU = Debug|Any CPU
		Release|Any CPU = Release|Any CPU
	EndGlobalSection
	GlobalSection(ProjectConfigurationPlatforms) = postSolution
		{4662AE98-5317-4E23-B8A7-BF124638A21C}.Debug|Any CPU.ActiveCfg = Debug|Any CPU
		{4662AE98-5317-4E23-B8A7-BF124638A21C}.Debug|Any CPU.Build.0 = Debug|Any CPU
		{4662AE98-5317-4E23-B8A7-BF124638A21C}.Release|Any CPU.ActiveCfg = Release|Any CPU
		{4662AE98-5317-4E23-B8A7-BF124638A21C}.Release|Any CPU.Build.0 = Release|Any CPU
		{E4484E88-BC18-4ED7-9C5A-3D0BA4531C9C}.Debug|Any CPU.ActiveCfg = Debug|Any CPU
		{E4484E88-BC18-4ED7-9C5A-3D0BA4531C9C}.Debug|Any CPU.Build.0 = Debug|Any CPU
		{E4484E88-BC18-4ED7-9C5A-3D0BA4531C9C}.Release|Any CPU.ActiveCfg = Release|Any CPU
		{E4484E88-BC18-4ED7-9C5A-3D0BA4531C9C}.Release|Any CPU.Build.0 = Release|Any CPU
		{A549BE2B-B333-49C2-92FD-E3AAD5D045D0}.Debug|Any CPU.ActiveCfg = Debug|Any CPU
		{A549BE2B-B333-49C2-92FD-E3AAD5D045D0}.Debug|Any CPU.Build.0 = Debug|Any CPU
		{A549BE2B-B333-49C2-92FD-E3AAD5D045D0}.Release|Any CPU.ActiveCfg = Release|Any CPU
		{A549BE2B-B333-49C2-92FD-E3AAD5D045D0}.Release|Any CPU.Build.0 = Release|Any CPU
		{744206A4-6DF2-4FAC-A0DB-891D57047762}.Debug|Any CPU.ActiveCfg = Debug|Any CPU
		{744206A4-6DF2-4FAC-A0DB-891D57047762}.Debug|Any CPU.Build.0 = Debug|Any CPU
		{744206A4-6DF2-4FAC-A0DB-891D57047762}.Release|Any CPU.ActiveCfg = Release|Any CPU
		{744206A4-6DF2-4FAC-A0DB-891D57047762}.Release|Any CPU.Build.0 = Release|Any CPU
		{FBF1307B-F9F6-4B9E-B11F-FAE96010D481}.Debug|Any CPU.ActiveCfg = Debug|Any CPU
		{FBF1307B-F9F6-4B9E-B11F-FAE96010D481}.Debug|Any CPU.Build.0 = Debug|Any CPU
		{FBF1307B-F9F6-4B9E-B11F-FAE96010D481}.Release|Any CPU.ActiveCfg = Release|Any CPU
		{FBF1307B-F9F6-4B9E-B11F-FAE96010D481}.Release|Any CPU.Build.0 = Release|Any CPU
		{64ED53B1-D563-490F-B877-ACD9072A7E1E}.Debug|Any CPU.ActiveCfg = Debug|Any CPU
		{64ED53B1-D563-490F-B877-ACD9072A7E1E}.Debug|Any CPU.Build.0 = Debug|Any CPU
		{64ED53B1-D563-490F-B877-ACD9072A7E1E}.Release|Any CPU.ActiveCfg = Release|Any CPU
		{64ED53B1-D563-490F-B877-ACD9072A7E1E}.Release|Any CPU.Build.0 = Release|Any CPU
		{A3B5E510-A887-47AB-8098-53639FDAC3E2}.Debug|Any CPU.ActiveCfg = Debug|Any CPU
		{A3B5E510-A887-47AB-8098-53639FDAC3E2}.Debug|Any CPU.Build.0 = Debug|Any CPU
		{A3B5E510-A887-47AB-8098-53639FDAC3E2}.Release|Any CPU.ActiveCfg = Release|Any CPU
		{A3B5E510-A887-47AB-8098-53639FDAC3E2}.Release|Any CPU.Build.0 = Release|Any CPU
		{10C569C5-54B0-47BC-968D-0D73EA174205}.Debug|Any CPU.ActiveCfg = Debug|Any CPU
		{10C569C5-54B0-47BC-968D-0D73EA174205}.Debug|Any CPU.Build.0 = Debug|Any CPU
		{10C569C5-54B0-47BC-968D-0D73EA174205}.Release|Any CPU.ActiveCfg = Release|Any CPU
		{10C569C5-54B0-47BC-968D-0D73EA174205}.Release|Any CPU.Build.0 = Release|Any CPU
		{72BE2436-80D5-4BD5-BF5D-AB5FFC83B355}.Debug|Any CPU.ActiveCfg = Debug|Any CPU
		{72BE2436-80D5-4BD5-BF5D-AB5FFC83B355}.Debug|Any CPU.Build.0 = Debug|Any CPU
		{72BE2436-80D5-4BD5-BF5D-AB5FFC83B355}.Release|Any CPU.ActiveCfg = Release|Any CPU
		{72BE2436-80D5-4BD5-BF5D-AB5FFC83B355}.Release|Any CPU.Build.0 = Release|Any CPU
		{482E36D6-4DA1-4B91-8E0A-670096844C0E}.Debug|Any CPU.ActiveCfg = Debug|Any CPU
		{482E36D6-4DA1-4B91-8E0A-670096844C0E}.Debug|Any CPU.Build.0 = Debug|Any CPU
		{482E36D6-4DA1-4B91-8E0A-670096844C0E}.Release|Any CPU.ActiveCfg = Release|Any CPU
		{482E36D6-4DA1-4B91-8E0A-670096844C0E}.Release|Any CPU.Build.0 = Release|Any CPU
		{AC4E77E3-45B9-4783-9DD6-BA94A0315F03}.Debug|Any CPU.ActiveCfg = Debug|Any CPU
		{AC4E77E3-45B9-4783-9DD6-BA94A0315F03}.Debug|Any CPU.Build.0 = Debug|Any CPU
		{AC4E77E3-45B9-4783-9DD6-BA94A0315F03}.Release|Any CPU.ActiveCfg = Release|Any CPU
		{AC4E77E3-45B9-4783-9DD6-BA94A0315F03}.Release|Any CPU.Build.0 = Release|Any CPU
		{405B512E-4BE6-4232-9082-49CB159E7D8C}.Debug|Any CPU.ActiveCfg = Debug|Any CPU
		{405B512E-4BE6-4232-9082-49CB159E7D8C}.Debug|Any CPU.Build.0 = Debug|Any CPU
		{405B512E-4BE6-4232-9082-49CB159E7D8C}.Release|Any CPU.ActiveCfg = Release|Any CPU
		{405B512E-4BE6-4232-9082-49CB159E7D8C}.Release|Any CPU.Build.0 = Release|Any CPU
		{6C7B1E89-52B2-4F73-915C-386C521C433D}.Debug|Any CPU.ActiveCfg = Debug|Any CPU
		{6C7B1E89-52B2-4F73-915C-386C521C433D}.Debug|Any CPU.Build.0 = Debug|Any CPU
		{6C7B1E89-52B2-4F73-915C-386C521C433D}.Release|Any CPU.ActiveCfg = Release|Any CPU
		{6C7B1E89-52B2-4F73-915C-386C521C433D}.Release|Any CPU.Build.0 = Release|Any CPU
		{E17F7B5E-8E63-478B-97AF-D176680C197B}.Debug|Any CPU.ActiveCfg = Debug|Any CPU
		{E17F7B5E-8E63-478B-97AF-D176680C197B}.Debug|Any CPU.Build.0 = Debug|Any CPU
		{E17F7B5E-8E63-478B-97AF-D176680C197B}.Release|Any CPU.ActiveCfg = Release|Any CPU
		{E17F7B5E-8E63-478B-97AF-D176680C197B}.Release|Any CPU.Build.0 = Release|Any CPU
		{484631B3-E960-4FFA-B10F-35D6ABB8B974}.Debug|Any CPU.ActiveCfg = Debug|Any CPU
		{484631B3-E960-4FFA-B10F-35D6ABB8B974}.Debug|Any CPU.Build.0 = Debug|Any CPU
		{484631B3-E960-4FFA-B10F-35D6ABB8B974}.Release|Any CPU.ActiveCfg = Release|Any CPU
		{484631B3-E960-4FFA-B10F-35D6ABB8B974}.Release|Any CPU.Build.0 = Release|Any CPU
		{58BE2763-53D3-403F-BDDF-D57A7A479E48}.Debug|Any CPU.ActiveCfg = Debug|Any CPU
		{58BE2763-53D3-403F-BDDF-D57A7A479E48}.Debug|Any CPU.Build.0 = Debug|Any CPU
		{58BE2763-53D3-403F-BDDF-D57A7A479E48}.Release|Any CPU.ActiveCfg = Release|Any CPU
		{58BE2763-53D3-403F-BDDF-D57A7A479E48}.Release|Any CPU.Build.0 = Release|Any CPU
		{92272733-9B8F-4633-8DA2-81EDD5C367E7}.Debug|Any CPU.ActiveCfg = Debug|Any CPU
		{92272733-9B8F-4633-8DA2-81EDD5C367E7}.Debug|Any CPU.Build.0 = Debug|Any CPU
		{92272733-9B8F-4633-8DA2-81EDD5C367E7}.Release|Any CPU.ActiveCfg = Release|Any CPU
		{92272733-9B8F-4633-8DA2-81EDD5C367E7}.Release|Any CPU.Build.0 = Release|Any CPU
		{754B4567-10C6-4FAB-997E-FBAE54385C20}.Debug|Any CPU.ActiveCfg = Debug|Any CPU
		{754B4567-10C6-4FAB-997E-FBAE54385C20}.Debug|Any CPU.Build.0 = Debug|Any CPU
		{754B4567-10C6-4FAB-997E-FBAE54385C20}.Release|Any CPU.ActiveCfg = Release|Any CPU
		{754B4567-10C6-4FAB-997E-FBAE54385C20}.Release|Any CPU.Build.0 = Release|Any CPU
		{E095CC3E-5513-4E61-A330-AD5F34D867B3}.Debug|Any CPU.ActiveCfg = Debug|Any CPU
		{E095CC3E-5513-4E61-A330-AD5F34D867B3}.Debug|Any CPU.Build.0 = Debug|Any CPU
		{E095CC3E-5513-4E61-A330-AD5F34D867B3}.Release|Any CPU.ActiveCfg = Release|Any CPU
		{E095CC3E-5513-4E61-A330-AD5F34D867B3}.Release|Any CPU.Build.0 = Release|Any CPU
		{5265AD05-09A7-4FBD-9E11-0DA8EC413346}.Debug|Any CPU.ActiveCfg = Debug|Any CPU
		{5265AD05-09A7-4FBD-9E11-0DA8EC413346}.Debug|Any CPU.Build.0 = Debug|Any CPU
		{5265AD05-09A7-4FBD-9E11-0DA8EC413346}.Release|Any CPU.ActiveCfg = Release|Any CPU
		{5265AD05-09A7-4FBD-9E11-0DA8EC413346}.Release|Any CPU.Build.0 = Release|Any CPU
		{15994045-7ADD-43F2-86FA-61642365865E}.Debug|Any CPU.ActiveCfg = Debug|Any CPU
		{15994045-7ADD-43F2-86FA-61642365865E}.Debug|Any CPU.Build.0 = Debug|Any CPU
		{15994045-7ADD-43F2-86FA-61642365865E}.Release|Any CPU.ActiveCfg = Release|Any CPU
		{15994045-7ADD-43F2-86FA-61642365865E}.Release|Any CPU.Build.0 = Release|Any CPU
		{DCFE22DD-07B3-40A0-BD7E-17620B1F96DB}.Debug|Any CPU.ActiveCfg = Debug|Any CPU
		{DCFE22DD-07B3-40A0-BD7E-17620B1F96DB}.Debug|Any CPU.Build.0 = Debug|Any CPU
		{DCFE22DD-07B3-40A0-BD7E-17620B1F96DB}.Release|Any CPU.ActiveCfg = Release|Any CPU
		{DCFE22DD-07B3-40A0-BD7E-17620B1F96DB}.Release|Any CPU.Build.0 = Release|Any CPU
		{A94CC567-D6F5-4ECD-923C-3CD7B78FFFAD}.Debug|Any CPU.ActiveCfg = Debug|Any CPU
		{A94CC567-D6F5-4ECD-923C-3CD7B78FFFAD}.Debug|Any CPU.Build.0 = Debug|Any CPU
		{A94CC567-D6F5-4ECD-923C-3CD7B78FFFAD}.Release|Any CPU.ActiveCfg = Release|Any CPU
		{A94CC567-D6F5-4ECD-923C-3CD7B78FFFAD}.Release|Any CPU.Build.0 = Release|Any CPU
		{79E7871E-EA4C-4F63-9D19-2330C40A9FEE}.Debug|Any CPU.ActiveCfg = Debug|Any CPU
		{79E7871E-EA4C-4F63-9D19-2330C40A9FEE}.Debug|Any CPU.Build.0 = Debug|Any CPU
		{79E7871E-EA4C-4F63-9D19-2330C40A9FEE}.Release|Any CPU.ActiveCfg = Release|Any CPU
		{79E7871E-EA4C-4F63-9D19-2330C40A9FEE}.Release|Any CPU.Build.0 = Release|Any CPU
		{51CABCA0-166C-4F41-AC92-E761F2299F1A}.Debug|Any CPU.ActiveCfg = Debug|Any CPU
		{51CABCA0-166C-4F41-AC92-E761F2299F1A}.Debug|Any CPU.Build.0 = Debug|Any CPU
		{51CABCA0-166C-4F41-AC92-E761F2299F1A}.Release|Any CPU.ActiveCfg = Release|Any CPU
		{51CABCA0-166C-4F41-AC92-E761F2299F1A}.Release|Any CPU.Build.0 = Release|Any CPU
		{77F6AC7E-2B65-43EB-AFE8-6823912638B3}.Debug|Any CPU.ActiveCfg = Debug|Any CPU
		{77F6AC7E-2B65-43EB-AFE8-6823912638B3}.Debug|Any CPU.Build.0 = Debug|Any CPU
		{77F6AC7E-2B65-43EB-AFE8-6823912638B3}.Release|Any CPU.ActiveCfg = Release|Any CPU
		{77F6AC7E-2B65-43EB-AFE8-6823912638B3}.Release|Any CPU.Build.0 = Release|Any CPU
		{9D09A675-D9DE-4853-A8B5-2E8091313AD4}.Debug|Any CPU.ActiveCfg = Debug|Any CPU
		{9D09A675-D9DE-4853-A8B5-2E8091313AD4}.Debug|Any CPU.Build.0 = Debug|Any CPU
		{9D09A675-D9DE-4853-A8B5-2E8091313AD4}.Release|Any CPU.ActiveCfg = Release|Any CPU
		{9D09A675-D9DE-4853-A8B5-2E8091313AD4}.Release|Any CPU.Build.0 = Release|Any CPU
		{C0D84A4A-1A6D-4771-BB59-FC7FF663E729}.Debug|Any CPU.ActiveCfg = Debug|Any CPU
		{C0D84A4A-1A6D-4771-BB59-FC7FF663E729}.Debug|Any CPU.Build.0 = Debug|Any CPU
		{C0D84A4A-1A6D-4771-BB59-FC7FF663E729}.Release|Any CPU.ActiveCfg = Release|Any CPU
		{C0D84A4A-1A6D-4771-BB59-FC7FF663E729}.Release|Any CPU.Build.0 = Release|Any CPU
		{399F02A7-F594-464A-AADB-62A618345D11}.Debug|Any CPU.ActiveCfg = Debug|Any CPU
		{399F02A7-F594-464A-AADB-62A618345D11}.Debug|Any CPU.Build.0 = Debug|Any CPU
		{399F02A7-F594-464A-AADB-62A618345D11}.Release|Any CPU.ActiveCfg = Release|Any CPU
		{399F02A7-F594-464A-AADB-62A618345D11}.Release|Any CPU.Build.0 = Release|Any CPU
		{B95D3D05-6F2A-40CF-88EC-49FD6F3B0F91}.Debug|Any CPU.ActiveCfg = Debug|Any CPU
		{B95D3D05-6F2A-40CF-88EC-49FD6F3B0F91}.Debug|Any CPU.Build.0 = Debug|Any CPU
		{B95D3D05-6F2A-40CF-88EC-49FD6F3B0F91}.Release|Any CPU.ActiveCfg = Release|Any CPU
		{B95D3D05-6F2A-40CF-88EC-49FD6F3B0F91}.Release|Any CPU.Build.0 = Release|Any CPU
		{E5D4C59E-D1DB-41CB-8114-D04EC52148BB}.Debug|Any CPU.ActiveCfg = Debug|Any CPU
		{E5D4C59E-D1DB-41CB-8114-D04EC52148BB}.Debug|Any CPU.Build.0 = Debug|Any CPU
		{E5D4C59E-D1DB-41CB-8114-D04EC52148BB}.Release|Any CPU.ActiveCfg = Release|Any CPU
		{E5D4C59E-D1DB-41CB-8114-D04EC52148BB}.Release|Any CPU.Build.0 = Release|Any CPU
		{9EAB7BCA-FF24-42A3-B1E1-8B455DF5CC31}.Debug|Any CPU.ActiveCfg = Debug|Any CPU
		{9EAB7BCA-FF24-42A3-B1E1-8B455DF5CC31}.Debug|Any CPU.Build.0 = Debug|Any CPU
		{9EAB7BCA-FF24-42A3-B1E1-8B455DF5CC31}.Release|Any CPU.ActiveCfg = Release|Any CPU
		{9EAB7BCA-FF24-42A3-B1E1-8B455DF5CC31}.Release|Any CPU.Build.0 = Release|Any CPU
		{614FEAA6-5D8D-4CBA-8BF4-D39A588A45E3}.Debug|Any CPU.ActiveCfg = Debug|Any CPU
		{614FEAA6-5D8D-4CBA-8BF4-D39A588A45E3}.Debug|Any CPU.Build.0 = Debug|Any CPU
		{614FEAA6-5D8D-4CBA-8BF4-D39A588A45E3}.Release|Any CPU.ActiveCfg = Release|Any CPU
		{614FEAA6-5D8D-4CBA-8BF4-D39A588A45E3}.Release|Any CPU.Build.0 = Release|Any CPU
		{8184A4E4-EC48-4318-8528-23A56F4FD4A2}.Debug|Any CPU.ActiveCfg = Debug|Any CPU
		{8184A4E4-EC48-4318-8528-23A56F4FD4A2}.Debug|Any CPU.Build.0 = Debug|Any CPU
		{8184A4E4-EC48-4318-8528-23A56F4FD4A2}.Release|Any CPU.ActiveCfg = Release|Any CPU
		{8184A4E4-EC48-4318-8528-23A56F4FD4A2}.Release|Any CPU.Build.0 = Release|Any CPU
		{52460127-7D12-4476-B7A8-2529A466FCD6}.Debug|Any CPU.ActiveCfg = Debug|Any CPU
		{52460127-7D12-4476-B7A8-2529A466FCD6}.Debug|Any CPU.Build.0 = Debug|Any CPU
		{52460127-7D12-4476-B7A8-2529A466FCD6}.Release|Any CPU.ActiveCfg = Release|Any CPU
		{52460127-7D12-4476-B7A8-2529A466FCD6}.Release|Any CPU.Build.0 = Release|Any CPU
		{B2693BA4-DD3D-4F8F-9725-5524A26B9F9B}.Debug|Any CPU.ActiveCfg = Debug|Any CPU
		{B2693BA4-DD3D-4F8F-9725-5524A26B9F9B}.Debug|Any CPU.Build.0 = Debug|Any CPU
		{B2693BA4-DD3D-4F8F-9725-5524A26B9F9B}.Release|Any CPU.ActiveCfg = Release|Any CPU
		{B2693BA4-DD3D-4F8F-9725-5524A26B9F9B}.Release|Any CPU.Build.0 = Release|Any CPU
		{4E84AEA4-D90B-448E-967E-32F25F658E9E}.Debug|Any CPU.ActiveCfg = Debug|Any CPU
		{4E84AEA4-D90B-448E-967E-32F25F658E9E}.Debug|Any CPU.Build.0 = Debug|Any CPU
		{4E84AEA4-D90B-448E-967E-32F25F658E9E}.Release|Any CPU.ActiveCfg = Release|Any CPU
		{4E84AEA4-D90B-448E-967E-32F25F658E9E}.Release|Any CPU.Build.0 = Release|Any CPU
	EndGlobalSection
	GlobalSection(SolutionProperties) = preSolution
		HideSolutionNode = FALSE
	EndGlobalSection
	GlobalSection(NestedProjects) = preSolution
		{4662AE98-5317-4E23-B8A7-BF124638A21C} = {10604493-346E-44C6-9DF4-13BF89669320}
		{E4484E88-BC18-4ED7-9C5A-3D0BA4531C9C} = {9FCE966B-0EEF-4B74-B8DE-507E357CA4E3}
		{A549BE2B-B333-49C2-92FD-E3AAD5D045D0} = {9FCE966B-0EEF-4B74-B8DE-507E357CA4E3}
		{9FCE966B-0EEF-4B74-B8DE-507E357CA4E3} = {4A52AD48-EA30-4D68-A285-76BE1ECB04F5}
		{E6CEBA29-FA87-467D-B5AF-D811546025E5} = {4A52AD48-EA30-4D68-A285-76BE1ECB04F5}
		{744206A4-6DF2-4FAC-A0DB-891D57047762} = {E6CEBA29-FA87-467D-B5AF-D811546025E5}
		{FBF1307B-F9F6-4B9E-B11F-FAE96010D481} = {E6CEBA29-FA87-467D-B5AF-D811546025E5}
		{5F6C20F9-4176-4460-A100-95AF204A4E2F} = {4A52AD48-EA30-4D68-A285-76BE1ECB04F5}
		{64ED53B1-D563-490F-B877-ACD9072A7E1E} = {5F6C20F9-4176-4460-A100-95AF204A4E2F}
		{A3B5E510-A887-47AB-8098-53639FDAC3E2} = {5F6C20F9-4176-4460-A100-95AF204A4E2F}
		{27DE0B64-F695-4C72-998C-2BE5E61BD3B2} = {4A52AD48-EA30-4D68-A285-76BE1ECB04F5}
		{10C569C5-54B0-47BC-968D-0D73EA174205} = {27DE0B64-F695-4C72-998C-2BE5E61BD3B2}
		{72BE2436-80D5-4BD5-BF5D-AB5FFC83B355} = {27DE0B64-F695-4C72-998C-2BE5E61BD3B2}
		{580FD9ED-EE52-48B8-B314-7D8846C49ADB} = {4A52AD48-EA30-4D68-A285-76BE1ECB04F5}
		{482E36D6-4DA1-4B91-8E0A-670096844C0E} = {580FD9ED-EE52-48B8-B314-7D8846C49ADB}
		{AC4E77E3-45B9-4783-9DD6-BA94A0315F03} = {580FD9ED-EE52-48B8-B314-7D8846C49ADB}
		{405B512E-4BE6-4232-9082-49CB159E7D8C} = {ADDFF390-6AB3-40F2-BC75-43D6F088CF0E}
		{6C7B1E89-52B2-4F73-915C-386C521C433D} = {ADDFF390-6AB3-40F2-BC75-43D6F088CF0E}
		{ADDFF390-6AB3-40F2-BC75-43D6F088CF0E} = {51970696-8657-461E-BBBA-6AF0990AB1E7}
		{4F1C65F6-DEDC-4B6B-8158-3A77BC9B7EE6} = {51970696-8657-461E-BBBA-6AF0990AB1E7}
		{E17F7B5E-8E63-478B-97AF-D176680C197B} = {4F1C65F6-DEDC-4B6B-8158-3A77BC9B7EE6}
		{484631B3-E960-4FFA-B10F-35D6ABB8B974} = {4F1C65F6-DEDC-4B6B-8158-3A77BC9B7EE6}
		{58BE2763-53D3-403F-BDDF-D57A7A479E48} = {377F03B0-01F9-4964-AF26-BBA74ABDA1B5}
		{377F03B0-01F9-4964-AF26-BBA74ABDA1B5} = {51970696-8657-461E-BBBA-6AF0990AB1E7}
		{92272733-9B8F-4633-8DA2-81EDD5C367E7} = {377F03B0-01F9-4964-AF26-BBA74ABDA1B5}
		{7EBE4724-7432-471A-BDE1-B48B0C554C96} = {51970696-8657-461E-BBBA-6AF0990AB1E7}
		{754B4567-10C6-4FAB-997E-FBAE54385C20} = {7EBE4724-7432-471A-BDE1-B48B0C554C96}
		{E095CC3E-5513-4E61-A330-AD5F34D867B3} = {7EBE4724-7432-471A-BDE1-B48B0C554C96}
		{5265AD05-09A7-4FBD-9E11-0DA8EC413346} = {851C1883-73CB-4BCA-9890-DA4B4156CA91}
		{851C1883-73CB-4BCA-9890-DA4B4156CA91} = {28C42EFE-A227-4062-AF42-E5830293716D}
		{C6B65768-50D5-46D7-B0DB-112E442BB6FF} = {28C42EFE-A227-4062-AF42-E5830293716D}
		{15994045-7ADD-43F2-86FA-61642365865E} = {C6B65768-50D5-46D7-B0DB-112E442BB6FF}
		{DCFE22DD-07B3-40A0-BD7E-17620B1F96DB} = {C6B65768-50D5-46D7-B0DB-112E442BB6FF}
		{1219D0C8-F166-4125-B819-AB867DE50DF7} = {28C42EFE-A227-4062-AF42-E5830293716D}
		{A94CC567-D6F5-4ECD-923C-3CD7B78FFFAD} = {1219D0C8-F166-4125-B819-AB867DE50DF7}
		{6E68E7A3-D16E-46B9-8622-BD98D297E2DF} = {28C42EFE-A227-4062-AF42-E5830293716D}
		{79E7871E-EA4C-4F63-9D19-2330C40A9FEE} = {6E68E7A3-D16E-46B9-8622-BD98D297E2DF}
		{51CABCA0-166C-4F41-AC92-E761F2299F1A} = {6E68E7A3-D16E-46B9-8622-BD98D297E2DF}
		{6BE2DFEB-A048-4585-A3A4-3B1B79500C02} = {28C42EFE-A227-4062-AF42-E5830293716D}
		{77F6AC7E-2B65-43EB-AFE8-6823912638B3} = {6BE2DFEB-A048-4585-A3A4-3B1B79500C02}
		{9D09A675-D9DE-4853-A8B5-2E8091313AD4} = {6BE2DFEB-A048-4585-A3A4-3B1B79500C02}
		{C0D84A4A-1A6D-4771-BB59-FC7FF663E729} = {947CAD31-C41D-4B7B-8487-304860F270A5}
		{399F02A7-F594-464A-AADB-62A618345D11} = {947CAD31-C41D-4B7B-8487-304860F270A5}
		{947CAD31-C41D-4B7B-8487-304860F270A5} = {86949A21-BB97-40F7-AC43-EAD8E38DFF7E}
		{0A21E93E-84F1-4B83-B43B-E4EAAB4CD3E7} = {86949A21-BB97-40F7-AC43-EAD8E38DFF7E}
		{B95D3D05-6F2A-40CF-88EC-49FD6F3B0F91} = {0A21E93E-84F1-4B83-B43B-E4EAAB4CD3E7}
		{E5D4C59E-D1DB-41CB-8114-D04EC52148BB} = {0A21E93E-84F1-4B83-B43B-E4EAAB4CD3E7}
		{9EAB7BCA-FF24-42A3-B1E1-8B455DF5CC31} = {2E5C4920-B280-4EE0-8FC3-848AA213AB54}
		{614FEAA6-5D8D-4CBA-8BF4-D39A588A45E3} = {2E5C4920-B280-4EE0-8FC3-848AA213AB54}
		{2E5C4920-B280-4EE0-8FC3-848AA213AB54} = {ED5A7DF9-381B-46F2-B614-0A26796493B4}
		{08172D9F-A5A6-4598-82AD-709490C71B2C} = {ED5A7DF9-381B-46F2-B614-0A26796493B4}
		{8184A4E4-EC48-4318-8528-23A56F4FD4A2} = {08172D9F-A5A6-4598-82AD-709490C71B2C}
		{52460127-7D12-4476-B7A8-2529A466FCD6} = {08172D9F-A5A6-4598-82AD-709490C71B2C}
		{7421ACF2-62F9-4234-997C-67FA874AD5AC} = {ED5A7DF9-381B-46F2-B614-0A26796493B4}
		{B2693BA4-DD3D-4F8F-9725-5524A26B9F9B} = {7421ACF2-62F9-4234-997C-67FA874AD5AC}
		{4E84AEA4-D90B-448E-967E-32F25F658E9E} = {7421ACF2-62F9-4234-997C-67FA874AD5AC}
	EndGlobalSection
	GlobalSection(ExtensibilityGlobals) = postSolution
		SolutionGuid = {3FF45EDD-0C06-4F6D-80BB-0A2F740CFB95}
	EndGlobalSection
EndGlobal
